<?xml version="1.0" encoding="utf-8"?>
<Project ToolsVersion="4.0" xmlns="http://schemas.microsoft.com/developer/msbuild/2003">
  <ItemGroup>
    <Filter Include="Arquivos de Origem">
      <UniqueIdentifier>{4FC737F1-C7A5-4376-A066-2A32D752A2FF}</UniqueIdentifier>
      <Extensions>cpp;c;cc;cxx;c++;cppm;ixx;def;odl;idl;hpj;bat;asm;asmx</Extensions>
    </Filter>
    <Filter Include="Arquivos de Cabeçalho">
      <UniqueIdentifier>{93995380-89BD-4b04-88EB-625FBE52EBFB}</UniqueIdentifier>
      <Extensions>h;hh;hpp;hxx;h++;hm;inl;inc;ipp;xsd</Extensions>
    </Filter>
    <Filter Include="Arquivos de Recurso">
      <UniqueIdentifier>{67DA6AB6-F800-4c08-8B7A-83BB121AAD01}</UniqueIdentifier>
      <Extensions>rc;ico;cur;bmp;dlg;rc2;rct;bin;rgs;gif;jpg;jpeg;jpe;resx;tiff;tif;png;wav;mfcribbon-ms</Extensions>
    </Filter>
    <Filter Include="Arquivos de Origem\02.Ficha">
      <UniqueIdentifier>{7d2f8ec8-bbb7-47d2-95c4-ca14a15246d1}</UniqueIdentifier>
    </Filter>
    <Filter Include="Arquivos de Origem\Fibonacci">
      <UniqueIdentifier>{d9988ea5-304e-4046-afdc-3dacf60c404f}</UniqueIdentifier>
    </Filter>
  </ItemGroup>
  <ItemGroup>
    <Text Include="ex2.txt">
      <Filter>Arquivos de Origem\02.Ficha</Filter>
    </Text>
  </ItemGroup>
  <ItemGroup>
    <ClCompile Include="main.c">
      <Filter>Arquivos de Origem\02.Ficha</Filter>
    </ClCompile>
    <ClCompile Include="form.c">
      <Filter>Arquivos de Origem\02.Ficha</Filter>
    </ClCompile>
    <ClCompile Include="golden_spira.c">
      <Filter>Arquivos de Origem\Fibonacci</Filter>
    </ClCompile>
    <ClCompile Include="DBForms.c">
      <Filter>Arquivos de Origem\02.Ficha</Filter>
    </ClCompile>
  </ItemGroup>
  <ItemGroup>
    <ClInclude Include="form.h">
      <Filter>Arquivos de Origem\02.Ficha</Filter>
    </ClInclude>
    <ClInclude Include="DBForms.h">
      <Filter>Arquivos de Cabeçalho</Filter>
    </ClInclude>
  </ItemGroup>
  <ItemGroup>
    <None Include=".gitignore" />
  </ItemGroup>
</Project>